
Microsoft Visual Studio Solution File, Format Version 12.00
# Visual Studio 15
VisualStudioVersion = 15.0.28307.421
MinimumVisualStudioVersion = 10.0.40219.1
Project("{FAE04EC0-301F-11D3-BF4B-00C04F79EFBC}") = "Assignment1_S19", "Assignment1_S19\Assignment1_S19.csproj", "{D5F4A672-2432-460F-9C88-8933DA248AD7}"
EndProject
Global
	GlobalSection(SolutionConfigurationPlatforms) = preSolution
		Debug|Any CPU = Debug|Any CPU
		Release|Any CPU = Release|Any CPU
	EndGlobalSection
	GlobalSection(ProjectConfigurationPlatforms) = postSolution
		{D5F4A672-2432-460F-9C88-8933DA248AD7}.Debug|Any CPU.ActiveCfg = Debug|Any CPU
		{D5F4A672-2432-460F-9C88-8933DA248AD7}.Debug|Any CPU.Build.0 = Debug|Any CPU
		{D5F4A672-2432-460F-9C88-8933DA248AD7}.Release|Any CPU.ActiveCfg = Release|Any CPU
		{D5F4A672-2432-460F-9C88-8933DA248AD7}.Release|Any CPU.Build.0 = Release|Any CPU
	EndGlobalSection
	GlobalSection(SolutionProperties) = preSolution
		HideSolutionNode = FALSE
	EndGlobalSection
	GlobalSection(ExtensibilityGlobals) = postSolution
		SolutionGuid = {1F11A2F4-2E74-47C5-B4BE-D98494CC294F}
	EndGlobalSection
EndGlobal
